
Microsoft Visual Studio Solution File, Format Version 12.00
# Visual Studio Version 17
VisualStudioVersion = 17.2.32630.192
MinimumVisualStudioVersion = 10.0.40219.1
Project("{9A19103F-16F7-4668-BE54-9A1E7A4F7556}") = "Aula20ExercicioResolvido01", "Aula20ExercicioResolvido01\Aula20ExercicioResolvido01.csproj", "{B16CEABD-7A35-4ED8-AE73-C774AC803A86}"
EndProject
Project("{9A19103F-16F7-4668-BE54-9A1E7A4F7556}") = "Aula24ExercicioResolvido02", "Aula24ExercicioResolvido02\Aula24ExercicioResolvido02.csproj", "{DABD2D3A-89D5-48DF-8DF2-9EAA0FCCE114}"
EndProject
Project("{9A19103F-16F7-4668-BE54-9A1E7A4F7556}") = "Aula25ExercicioResolva03", "Aula25ExercicioResolva03\Aula25ExercicioResolva03.csproj", "{D821EC78-02A6-42CA-A8C2-4B141282EB7A}"
EndProject
Project("{9A19103F-16F7-4668-BE54-9A1E7A4F7556}") = "Aula27ExercicioResolvido04", "Aula27ExercicioResolvido04\Aula27ExercicioResolvido04.csproj", "{D8853F07-0839-4B1A-B79F-CA91AC2E32A0}"
EndProject
Project("{FAE04EC0-301F-11D3-BF4B-00C04F79EFBC}") = "Aula33ExercicioResolvido01", "Aula33ExercicioResolvido01\Aula33ExercicioResolvido01.csproj", "{51BB633A-A939-4911-99DF-871F0F54DEC0}"
EndProject
Project("{FAE04EC0-301F-11D3-BF4B-00C04F79EFBC}") = "Aula34ExercicioResolvido02", "Aula34ExercicioResolvido02\Aula34ExercicioResolvido02.csproj", "{3838C434-6F7C-4997-87CF-34A12B826D59}"
EndProject
Project("{FAE04EC0-301F-11D3-BF4B-00C04F79EFBC}") = "Aula35ExercicioResolvido03", "Aula35ExercicioResolvido03\Aula35ExercicioResolvido03.csproj", "{DB773698-4F9B-4413-8AC8-1C7E7EF47D1C}"
EndProject
Global
	GlobalSection(SolutionConfigurationPlatforms) = preSolution
		Debug|Any CPU = Debug|Any CPU
		Release|Any CPU = Release|Any CPU
	EndGlobalSection
	GlobalSection(ProjectConfigurationPlatforms) = postSolution
		{B16CEABD-7A35-4ED8-AE73-C774AC803A86}.Debug|Any CPU.ActiveCfg = Debug|Any CPU
		{B16CEABD-7A35-4ED8-AE73-C774AC803A86}.Debug|Any CPU.Build.0 = Debug|Any CPU
		{B16CEABD-7A35-4ED8-AE73-C774AC803A86}.Release|Any CPU.ActiveCfg = Release|Any CPU
		{B16CEABD-7A35-4ED8-AE73-C774AC803A86}.Release|Any CPU.Build.0 = Release|Any CPU
		{DABD2D3A-89D5-48DF-8DF2-9EAA0FCCE114}.Debug|Any CPU.ActiveCfg = Debug|Any CPU
		{DABD2D3A-89D5-48DF-8DF2-9EAA0FCCE114}.Debug|Any CPU.Build.0 = Debug|Any CPU
		{DABD2D3A-89D5-48DF-8DF2-9EAA0FCCE114}.Release|Any CPU.ActiveCfg = Release|Any CPU
		{DABD2D3A-89D5-48DF-8DF2-9EAA0FCCE114}.Release|Any CPU.Build.0 = Release|Any CPU
		{D821EC78-02A6-42CA-A8C2-4B141282EB7A}.Debug|Any CPU.ActiveCfg = Debug|Any CPU
		{D821EC78-02A6-42CA-A8C2-4B141282EB7A}.Debug|Any CPU.Build.0 = Debug|Any CPU
		{D821EC78-02A6-42CA-A8C2-4B141282EB7A}.Release|Any CPU.ActiveCfg = Release|Any CPU
		{D821EC78-02A6-42CA-A8C2-4B141282EB7A}.Release|Any CPU.Build.0 = Release|Any CPU
		{D8853F07-0839-4B1A-B79F-CA91AC2E32A0}.Debug|Any CPU.ActiveCfg = Debug|Any CPU
		{D8853F07-0839-4B1A-B79F-CA91AC2E32A0}.Debug|Any CPU.Build.0 = Debug|Any CPU
		{D8853F07-0839-4B1A-B79F-CA91AC2E32A0}.Release|Any CPU.ActiveCfg = Release|Any CPU
		{D8853F07-0839-4B1A-B79F-CA91AC2E32A0}.Release|Any CPU.Build.0 = Release|Any CPU
		{51BB633A-A939-4911-99DF-871F0F54DEC0}.Debug|Any CPU.ActiveCfg = Debug|Any CPU
		{51BB633A-A939-4911-99DF-871F0F54DEC0}.Debug|Any CPU.Build.0 = Debug|Any CPU
		{51BB633A-A939-4911-99DF-871F0F54DEC0}.Release|Any CPU.ActiveCfg = Release|Any CPU
		{51BB633A-A939-4911-99DF-871F0F54DEC0}.Release|Any CPU.Build.0 = Release|Any CPU
		{3838C434-6F7C-4997-87CF-34A12B826D59}.Debug|Any CPU.ActiveCfg = Debug|Any CPU
		{3838C434-6F7C-4997-87CF-34A12B826D59}.Debug|Any CPU.Build.0 = Debug|Any CPU
		{3838C434-6F7C-4997-87CF-34A12B826D59}.Release|Any CPU.ActiveCfg = Release|Any CPU
		{3838C434-6F7C-4997-87CF-34A12B826D59}.Release|Any CPU.Build.0 = Release|Any CPU
		{DB773698-4F9B-4413-8AC8-1C7E7EF47D1C}.Debug|Any CPU.ActiveCfg = Debug|Any CPU
		{DB773698-4F9B-4413-8AC8-1C7E7EF47D1C}.Debug|Any CPU.Build.0 = Debug|Any CPU
		{DB773698-4F9B-4413-8AC8-1C7E7EF47D1C}.Release|Any CPU.ActiveCfg = Release|Any CPU
		{DB773698-4F9B-4413-8AC8-1C7E7EF47D1C}.Release|Any CPU.Build.0 = Release|Any CPU
	EndGlobalSection
	GlobalSection(SolutionProperties) = preSolution
		HideSolutionNode = FALSE
	EndGlobalSection
	GlobalSection(ExtensibilityGlobals) = postSolution
		SolutionGuid = {CEA0F8B6-969E-4F1A-9465-BE6E005F5CA0}
	EndGlobalSection
EndGlobal
